
Microsoft Visual Studio Solution File, Format Version 12.00
# Visual Studio 2013
VisualStudioVersion = 12.0.40629.0
MinimumVisualStudioVersion = 10.0.40219.1
Project("{2150E333-8FDC-42A3-9474-1A3956D46DE8}") = "网站层", "网站层", "{58F7F05A-212E-41E7-AD20-392A9742C56C}"
EndProject
Project("{2150E333-8FDC-42A3-9474-1A3956D46DE8}") = "业务层", "业务层", "{A29DB9E1-14C8-45FA-B18E-C08C96103431}"
EndProject
Project("{2150E333-8FDC-42A3-9474-1A3956D46DE8}") = "数据层", "数据层", "{61C659BD-6F55-443D-AAC1-3F1AF6972584}"
EndProject
Project("{2150E333-8FDC-42A3-9474-1A3956D46DE8}") = "公共层", "公共层", "{33ECB86E-B156-492A-A676-FCD0B20B195B}"
EndProject
Project("{FAE04EC0-301F-11D3-BF4B-00C04F79EFBC}") = "MyBlog.Website", "MyBlog.Website\MyBlog.Website.csproj", "{6F024A0B-D4DC-40C8-A3E1-97B8BE180323}"
EndProject
Project("{2150E333-8FDC-42A3-9474-1A3956D46DE8}") = "实体层", "实体层", "{7273DF23-E546-4F6D-87AF-E57B9E4A1145}"
EndProject
Project("{FAE04EC0-301F-11D3-BF4B-00C04F79EFBC}") = "MyBlog.Entity", "MyBlog.Entity\MyBlog.Entity.csproj", "{D3E69EA2-B14E-43F4-B865-CE3B88929477}"
EndProject
Project("{2150E333-8FDC-42A3-9474-1A3956D46DE8}") = "接口", "接口", "{A810A29E-B1A1-48A9-A063-7D3D725C9FDF}"
EndProject
Project("{2150E333-8FDC-42A3-9474-1A3956D46DE8}") = "实现接口", "实现接口", "{89F4FB0B-7DE3-4B59-A27F-655AE47CC821}"
EndProject
Project("{FAE04EC0-301F-11D3-BF4B-00C04F79EFBC}") = "MyBlog.IBiz", "MyBlog.IBiz\MyBlog.IBiz.csproj", "{AC133E11-D70C-4507-87BC-80F40ACDADC0}"
EndProject
Project("{FAE04EC0-301F-11D3-BF4B-00C04F79EFBC}") = "MyBlog.Biz", "MyBlog.Biz\MyBlog.Biz.csproj", "{CE7AA2DD-57AA-48E2-AFF1-1F6E80BED463}"
EndProject
Project("{FAE04EC0-301F-11D3-BF4B-00C04F79EFBC}") = "Tools", "..\Tools\Tools\Tools.csproj", "{34A05066-DAB0-4C09-BA3C-E408B0A9F367}"
EndProject
Project("{FAE04EC0-301F-11D3-BF4B-00C04F79EFBC}") = "MyBlog.DAL", "MyBlog.DAL\MyBlog.DAL.csproj", "{56D5FBDF-D663-4238-B665-F574A0E69C15}"
EndProject
Project("{FAE04EC0-301F-11D3-BF4B-00C04F79EFBC}") = "MyBlog.Models", "MyBlog.Models\MyBlog.Models.csproj", "{B621B545-397B-43CC-B5A2-2AB1762AFA1F}"
EndProject
Global
	GlobalSection(SolutionConfigurationPlatforms) = preSolution
		Debug|Any CPU = Debug|Any CPU
		Release|Any CPU = Release|Any CPU
	EndGlobalSection
	GlobalSection(ProjectConfigurationPlatforms) = postSolution
		{6F024A0B-D4DC-40C8-A3E1-97B8BE180323}.Debug|Any CPU.ActiveCfg = Debug|Any CPU
		{6F024A0B-D4DC-40C8-A3E1-97B8BE180323}.Debug|Any CPU.Build.0 = Debug|Any CPU
		{6F024A0B-D4DC-40C8-A3E1-97B8BE180323}.Release|Any CPU.ActiveCfg = Release|Any CPU
		{6F024A0B-D4DC-40C8-A3E1-97B8BE180323}.Release|Any CPU.Build.0 = Release|Any CPU
		{D3E69EA2-B14E-43F4-B865-CE3B88929477}.Debug|Any CPU.ActiveCfg = Debug|Any CPU
		{D3E69EA2-B14E-43F4-B865-CE3B88929477}.Debug|Any CPU.Build.0 = Debug|Any CPU
		{D3E69EA2-B14E-43F4-B865-CE3B88929477}.Release|Any CPU.ActiveCfg = Release|Any CPU
		{D3E69EA2-B14E-43F4-B865-CE3B88929477}.Release|Any CPU.Build.0 = Release|Any CPU
		{AC133E11-D70C-4507-87BC-80F40ACDADC0}.Debug|Any CPU.ActiveCfg = Debug|Any CPU
		{AC133E11-D70C-4507-87BC-80F40ACDADC0}.Debug|Any CPU.Build.0 = Debug|Any CPU
		{AC133E11-D70C-4507-87BC-80F40ACDADC0}.Release|Any CPU.ActiveCfg = Release|Any CPU
		{AC133E11-D70C-4507-87BC-80F40ACDADC0}.Release|Any CPU.Build.0 = Release|Any CPU
		{CE7AA2DD-57AA-48E2-AFF1-1F6E80BED463}.Debug|Any CPU.ActiveCfg = Debug|Any CPU
		{CE7AA2DD-57AA-48E2-AFF1-1F6E80BED463}.Debug|Any CPU.Build.0 = Debug|Any CPU
		{CE7AA2DD-57AA-48E2-AFF1-1F6E80BED463}.Release|Any CPU.ActiveCfg = Release|Any CPU
		{CE7AA2DD-57AA-48E2-AFF1-1F6E80BED463}.Release|Any CPU.Build.0 = Release|Any CPU
		{34A05066-DAB0-4C09-BA3C-E408B0A9F367}.Debug|Any CPU.ActiveCfg = Debug|Any CPU
		{34A05066-DAB0-4C09-BA3C-E408B0A9F367}.Debug|Any CPU.Build.0 = Debug|Any CPU
		{34A05066-DAB0-4C09-BA3C-E408B0A9F367}.Release|Any CPU.ActiveCfg = Release|Any CPU
		{34A05066-DAB0-4C09-BA3C-E408B0A9F367}.Release|Any CPU.Build.0 = Release|Any CPU
		{56D5FBDF-D663-4238-B665-F574A0E69C15}.Debug|Any CPU.ActiveCfg = Debug|Any CPU
		{56D5FBDF-D663-4238-B665-F574A0E69C15}.Debug|Any CPU.Build.0 = Debug|Any CPU
		{56D5FBDF-D663-4238-B665-F574A0E69C15}.Release|Any CPU.ActiveCfg = Release|Any CPU
		{56D5FBDF-D663-4238-B665-F574A0E69C15}.Release|Any CPU.Build.0 = Release|Any CPU
		{B621B545-397B-43CC-B5A2-2AB1762AFA1F}.Debug|Any CPU.ActiveCfg = Debug|Any CPU
		{B621B545-397B-43CC-B5A2-2AB1762AFA1F}.Debug|Any CPU.Build.0 = Debug|Any CPU
		{B621B545-397B-43CC-B5A2-2AB1762AFA1F}.Release|Any CPU.ActiveCfg = Release|Any CPU
		{B621B545-397B-43CC-B5A2-2AB1762AFA1F}.Release|Any CPU.Build.0 = Release|Any CPU
	EndGlobalSection
	GlobalSection(SolutionProperties) = preSolution
		HideSolutionNode = FALSE
	EndGlobalSection
	GlobalSection(NestedProjects) = preSolution
		{6F024A0B-D4DC-40C8-A3E1-97B8BE180323} = {58F7F05A-212E-41E7-AD20-392A9742C56C}
		{D3E69EA2-B14E-43F4-B865-CE3B88929477} = {7273DF23-E546-4F6D-87AF-E57B9E4A1145}
		{A810A29E-B1A1-48A9-A063-7D3D725C9FDF} = {A29DB9E1-14C8-45FA-B18E-C08C96103431}
		{89F4FB0B-7DE3-4B59-A27F-655AE47CC821} = {A29DB9E1-14C8-45FA-B18E-C08C96103431}
		{AC133E11-D70C-4507-87BC-80F40ACDADC0} = {A810A29E-B1A1-48A9-A063-7D3D725C9FDF}
		{CE7AA2DD-57AA-48E2-AFF1-1F6E80BED463} = {89F4FB0B-7DE3-4B59-A27F-655AE47CC821}
		{34A05066-DAB0-4C09-BA3C-E408B0A9F367} = {33ECB86E-B156-492A-A676-FCD0B20B195B}
		{56D5FBDF-D663-4238-B665-F574A0E69C15} = {61C659BD-6F55-443D-AAC1-3F1AF6972584}
		{B621B545-397B-43CC-B5A2-2AB1762AFA1F} = {7273DF23-E546-4F6D-87AF-E57B9E4A1145}
	EndGlobalSection
EndGlobal
